
Microsoft Visual Studio Solution File, Format Version 12.00
# Visual Studio Version 16
VisualStudioVersion = 16.0.34601.136
MinimumVisualStudioVersion = 10.0.40219.1
Project("{8BC9CEB8-8B4A-11D0-8D11-00A0C91BC942}") = "Lab2SocketServer", "Lab2SocketServer\Lab2SocketServer.vcxproj", "{5F9A89CB-3A8F-4724-907E-8FCC90112319}"
EndProject
Global
	GlobalSection(SolutionConfigurationPlatforms) = preSolution
		Debug|x64 = Debug|x64
		Debug|x86 = Debug|x86
		Release|x64 = Release|x64
		Release|x86 = Release|x86
	EndGlobalSection
	GlobalSection(ProjectConfigurationPlatforms) = postSolution
		{5F9A89CB-3A8F-4724-907E-8FCC90112319}.Debug|x64.ActiveCfg = Debug|x64
		{5F9A89CB-3A8F-4724-907E-8FCC90112319}.Debug|x64.Build.0 = Debug|x64
		{5F9A89CB-3A8F-4724-907E-8FCC90112319}.Debug|x86.ActiveCfg = Debug|Win32
		{5F9A89CB-3A8F-4724-907E-8FCC90112319}.Debug|x86.Build.0 = Debug|Win32
		{5F9A89CB-3A8F-4724-907E-8FCC90112319}.Release|x64.ActiveCfg = Release|x64
		{5F9A89CB-3A8F-4724-907E-8FCC90112319}.Release|x64.Build.0 = Release|x64
		{5F9A89CB-3A8F-4724-907E-8FCC90112319}.Release|x86.ActiveCfg = Release|Win32
		{5F9A89CB-3A8F-4724-907E-8FCC90112319}.Release|x86.Build.0 = Release|Win32
	EndGlobalSection
	GlobalSection(SolutionProperties) = preSolution
		HideSolutionNode = FALSE
	EndGlobalSection
	GlobalSection(ExtensibilityGlobals) = postSolution
		SolutionGuid = {468B86DD-1198-4B6F-9E19-79BA43F6F10E}
	EndGlobalSection
EndGlobal
